// !$*UTF8*$!
{
	archiveVersion = 1;
	classes = {
	};
	objectVersion = 56;
	objects = {

/* Begin PBXBuildFile section */
		042FB81D2A65B76B0067CD7E /* animals.json in Resources */ = {isa = PBXBuildFile; fileRef = 042FB8192A65B76B0067CD7E /* animals.json */; };
		042FB81E2A65B76B0067CD7E /* locations.json in Resources */ = {isa = PBXBuildFile; fileRef = 042FB81A2A65B76B0067CD7E /* locations.json */; };
		042FB81F2A65B76B0067CD7E /* covers.json in Resources */ = {isa = PBXBuildFile; fileRef = 042FB81B2A65B76B0067CD7E /* covers.json */; };
		042FB8202A65B76B0067CD7E /* videos.json in Resources */ = {isa = PBXBuildFile; fileRef = 042FB81C2A65B76B0067CD7E /* videos.json */; };
		042FB8222A65F1030067CD7E /* Animal.swift in Sources */ = {isa = PBXBuildFile; fileRef = 042FB8212A65F1030067CD7E /* Animal.swift */; };
		042FB8242A65F4220067CD7E /* AnimalListItem.swift in Sources */ = {isa = PBXBuildFile; fileRef = 042FB8232A65F4220067CD7E /* AnimalListItem.swift */; };
		042FB8282A6604F50067CD7E /* AnimalDetailView.swift in Sources */ = {isa = PBXBuildFile; fileRef = 042FB8272A6604F50067CD7E /* AnimalDetailView.swift */; };
		042FB82A2A660B220067CD7E /* HeadingView.swift in Sources */ = {isa = PBXBuildFile; fileRef = 042FB8292A660B220067CD7E /* HeadingView.swift */; };
		042FB82E2A660D7A0067CD7E /* InsetGalleryView.swift in Sources */ = {isa = PBXBuildFile; fileRef = 042FB82D2A660D7A0067CD7E /* InsetGalleryView.swift */; };
		045953D72A6733D300838AD5 /* InsetFactView.swift in Sources */ = {isa = PBXBuildFile; fileRef = 045953D62A6733D300838AD5 /* InsetFactView.swift */; };
		045953D92A67490300838AD5 /* InsetMapView.swift in Sources */ = {isa = PBXBuildFile; fileRef = 045953D82A67490300838AD5 /* InsetMapView.swift */; };
		045953DB2A6755FD00838AD5 /* ExternalWebLinkView.swift in Sources */ = {isa = PBXBuildFile; fileRef = 045953DA2A6755FD00838AD5 /* ExternalWebLinkView.swift */; };
		045953DD2A675EE400838AD5 /* Video.swift in Sources */ = {isa = PBXBuildFile; fileRef = 045953DC2A675EE400838AD5 /* Video.swift */; };
		045953DF2A675F7000838AD5 /* VideoListItemView.swift in Sources */ = {isa = PBXBuildFile; fileRef = 045953DE2A675F7000838AD5 /* VideoListItemView.swift */; };
		045953E12A6764CA00838AD5 /* VideoPlayerView.swift in Sources */ = {isa = PBXBuildFile; fileRef = 045953E02A6764CA00838AD5 /* VideoPlayerView.swift */; };
		0474302A2A5F43A100C30566 /* WildlifeApp.swift in Sources */ = {isa = PBXBuildFile; fileRef = 047430292A5F43A100C30566 /* WildlifeApp.swift */; };
		0474302C2A5F43A100C30566 /* ContentView.swift in Sources */ = {isa = PBXBuildFile; fileRef = 0474302B2A5F43A100C30566 /* ContentView.swift */; };
		0474302E2A5F43A200C30566 /* Assets.xcassets in Resources */ = {isa = PBXBuildFile; fileRef = 0474302D2A5F43A200C30566 /* Assets.xcassets */; };
		047430312A5F43A200C30566 /* Preview Assets.xcassets in Resources */ = {isa = PBXBuildFile; fileRef = 047430302A5F43A200C30566 /* Preview Assets.xcassets */; };
		0474304C2A5F7CCC00C30566 /* VideoListView.swift in Sources */ = {isa = PBXBuildFile; fileRef = 0474304B2A5F7CCC00C30566 /* VideoListView.swift */; };
		0474304E2A5F7CDE00C30566 /* MapView.swift in Sources */ = {isa = PBXBuildFile; fileRef = 0474304D2A5F7CDD00C30566 /* MapView.swift */; };
		047430502A5F7CF900C30566 /* GalleryView.swift in Sources */ = {isa = PBXBuildFile; fileRef = 0474304F2A5F7CF800C30566 /* GalleryView.swift */; };
		047430522A5F7D0700C30566 /* MainView.swift in Sources */ = {isa = PBXBuildFile; fileRef = 047430512A5F7D0700C30566 /* MainView.swift */; };
		047804982A6AD006005681FD /* MotionAnimationView.swift in Sources */ = {isa = PBXBuildFile; fileRef = 047804972A6AD006005681FD /* MotionAnimationView.swift */; };
		04A574E52A6851AA0062113F /* rhino.mp4 in Resources */ = {isa = PBXBuildFile; fileRef = 04A574DB2A6851A80062113F /* rhino.mp4 */; };
		04A574E62A6851AA0062113F /* giraffe.mp4 in Resources */ = {isa = PBXBuildFile; fileRef = 04A574DC2A6851A90062113F /* giraffe.mp4 */; };
		04A574E72A6851AA0062113F /* cheetah.mp4 in Resources */ = {isa = PBXBuildFile; fileRef = 04A574DD2A6851A90062113F /* cheetah.mp4 */; };
		04A574E82A6851AA0062113F /* gorilla.mp4 in Resources */ = {isa = PBXBuildFile; fileRef = 04A574DE2A6851A90062113F /* gorilla.mp4 */; };
		04A574E92A6851AA0062113F /* zebra.mp4 in Resources */ = {isa = PBXBuildFile; fileRef = 04A574DF2A6851A90062113F /* zebra.mp4 */; };
		04A574EA2A6851AA0062113F /* elephant.mp4 in Resources */ = {isa = PBXBuildFile; fileRef = 04A574E02A6851A90062113F /* elephant.mp4 */; };
		04A574EB2A6851AA0062113F /* hippo.mp4 in Resources */ = {isa = PBXBuildFile; fileRef = 04A574E12A6851A90062113F /* hippo.mp4 */; };
		04A574EC2A6851AA0062113F /* lioness.mp4 in Resources */ = {isa = PBXBuildFile; fileRef = 04A574E22A6851A90062113F /* lioness.mp4 */; };
		04A574ED2A6851AA0062113F /* lion.mp4 in Resources */ = {isa = PBXBuildFile; fileRef = 04A574E32A6851A90062113F /* lion.mp4 */; };
		04A574EE2A6851AA0062113F /* ostrich.mp4 in Resources */ = {isa = PBXBuildFile; fileRef = 04A574E42A6851AA0062113F /* ostrich.mp4 */; };
		04A574F12A685BFA0062113F /* VideoPlayerHelper.swift in Sources */ = {isa = PBXBuildFile; fileRef = 04A574F02A685BFA0062113F /* VideoPlayerHelper.swift */; };
		04A574F32A6889C70062113F /* Location.swift in Sources */ = {isa = PBXBuildFile; fileRef = 04A574F22A6889C70062113F /* Location.swift */; };
		04A574F52A68AD260062113F /* MapAnnotationView.swift in Sources */ = {isa = PBXBuildFile; fileRef = 04A574F42A68AD260062113F /* MapAnnotationView.swift */; };
		04F26D862A951FB700FDADDA /* AnimalItemGridView.swift in Sources */ = {isa = PBXBuildFile; fileRef = 04F26D852A951FB700FDADDA /* AnimalItemGridView.swift */; };
		04F7F2672A60C0F4008C68AB /* CoverImageView.swift in Sources */ = {isa = PBXBuildFile; fileRef = 04F7F2662A60C0F4008C68AB /* CoverImageView.swift */; };
		04F7F26B2A60C36A008C68AB /* CoverImage.swift in Sources */ = {isa = PBXBuildFile; fileRef = 04F7F26A2A60C36A008C68AB /* CoverImage.swift */; };
		04F7F26E2A60C4AE008C68AB /* Loader.swift in Sources */ = {isa = PBXBuildFile; fileRef = 04F7F26D2A60C4AE008C68AB /* Loader.swift */; };
		04F7F2702A60C5F7008C68AB /* AppData.swift in Sources */ = {isa = PBXBuildFile; fileRef = 04F7F26F2A60C5F7008C68AB /* AppData.swift */; };
/* End PBXBuildFile section */

/* Begin PBXFileReference section */
		042FB8192A65B76B0067CD7E /* animals.json */ = {isa = PBXFileReference; fileEncoding = 4; lastKnownFileType = text.json; path = animals.json; sourceTree = "<group>"; };
		042FB81A2A65B76B0067CD7E /* locations.json */ = {isa = PBXFileReference; fileEncoding = 4; lastKnownFileType = text.json; path = locations.json; sourceTree = "<group>"; };
		042FB81B2A65B76B0067CD7E /* covers.json */ = {isa = PBXFileReference; fileEncoding = 4; lastKnownFileType = text.json; path = covers.json; sourceTree = "<group>"; };
		042FB81C2A65B76B0067CD7E /* videos.json */ = {isa = PBXFileReference; fileEncoding = 4; lastKnownFileType = text.json; path = videos.json; sourceTree = "<group>"; };
		042FB8212A65F1030067CD7E /* Animal.swift */ = {isa = PBXFileReference; lastKnownFileType = sourcecode.swift; path = Animal.swift; sourceTree = "<group>"; };
		042FB8232A65F4220067CD7E /* AnimalListItem.swift */ = {isa = PBXFileReference; lastKnownFileType = sourcecode.swift; path = AnimalListItem.swift; sourceTree = "<group>"; };
		042FB8272A6604F50067CD7E /* AnimalDetailView.swift */ = {isa = PBXFileReference; lastKnownFileType = sourcecode.swift; path = AnimalDetailView.swift; sourceTree = "<group>"; };
		042FB8292A660B220067CD7E /* HeadingView.swift */ = {isa = PBXFileReference; lastKnownFileType = sourcecode.swift; path = HeadingView.swift; sourceTree = "<group>"; };
		042FB82D2A660D7A0067CD7E /* InsetGalleryView.swift */ = {isa = PBXFileReference; lastKnownFileType = sourcecode.swift; path = InsetGalleryView.swift; sourceTree = "<group>"; };
		045953D62A6733D300838AD5 /* InsetFactView.swift */ = {isa = PBXFileReference; lastKnownFileType = sourcecode.swift; path = InsetFactView.swift; sourceTree = "<group>"; };
		045953D82A67490300838AD5 /* InsetMapView.swift */ = {isa = PBXFileReference; lastKnownFileType = sourcecode.swift; path = InsetMapView.swift; sourceTree = "<group>"; };
		045953DA2A6755FD00838AD5 /* ExternalWebLinkView.swift */ = {isa = PBXFileReference; lastKnownFileType = sourcecode.swift; path = ExternalWebLinkView.swift; sourceTree = "<group>"; };
		045953DC2A675EE400838AD5 /* Video.swift */ = {isa = PBXFileReference; lastKnownFileType = sourcecode.swift; path = Video.swift; sourceTree = "<group>"; };
		045953DE2A675F7000838AD5 /* VideoListItemView.swift */ = {isa = PBXFileReference; lastKnownFileType = sourcecode.swift; path = VideoListItemView.swift; sourceTree = "<group>"; };
		045953E02A6764CA00838AD5 /* VideoPlayerView.swift */ = {isa = PBXFileReference; lastKnownFileType = sourcecode.swift; path = VideoPlayerView.swift; sourceTree = "<group>"; };
		047430262A5F43A100C30566 /* Wildlife.app */ = {isa = PBXFileReference; explicitFileType = wrapper.application; includeInIndex = 0; path = Wildlife.app; sourceTree = BUILT_PRODUCTS_DIR; };
		047430292A5F43A100C30566 /* WildlifeApp.swift */ = {isa = PBXFileReference; lastKnownFileType = sourcecode.swift; path = WildlifeApp.swift; sourceTree = "<group>"; };
		0474302B2A5F43A100C30566 /* ContentView.swift */ = {isa = PBXFileReference; lastKnownFileType = sourcecode.swift; path = ContentView.swift; sourceTree = "<group>"; };
		0474302D2A5F43A200C30566 /* Assets.xcassets */ = {isa = PBXFileReference; lastKnownFileType = folder.assetcatalog; path = Assets.xcassets; sourceTree = "<group>"; };
		047430302A5F43A200C30566 /* Preview Assets.xcassets */ = {isa = PBXFileReference; lastKnownFileType = folder.assetcatalog; path = "Preview Assets.xcassets"; sourceTree = "<group>"; };
		0474304A2A5F722700C30566 /* Info.plist */ = {isa = PBXFileReference; lastKnownFileType = text.plist; path = Info.plist; sourceTree = "<group>"; };
		0474304B2A5F7CCC00C30566 /* VideoListView.swift */ = {isa = PBXFileReference; lastKnownFileType = sourcecode.swift; path = VideoListView.swift; sourceTree = "<group>"; };
		0474304D2A5F7CDD00C30566 /* MapView.swift */ = {isa = PBXFileReference; lastKnownFileType = sourcecode.swift; path = MapView.swift; sourceTree = "<group>"; };
		0474304F2A5F7CF800C30566 /* GalleryView.swift */ = {isa = PBXFileReference; lastKnownFileType = sourcecode.swift; path = GalleryView.swift; sourceTree = "<group>"; };
		047430512A5F7D0700C30566 /* MainView.swift */ = {isa = PBXFileReference; lastKnownFileType = sourcecode.swift; path = MainView.swift; sourceTree = "<group>"; };
		047804972A6AD006005681FD /* MotionAnimationView.swift */ = {isa = PBXFileReference; lastKnownFileType = sourcecode.swift; path = MotionAnimationView.swift; sourceTree = "<group>"; };
		04A574DB2A6851A80062113F /* rhino.mp4 */ = {isa = PBXFileReference; lastKnownFileType = file; path = rhino.mp4; sourceTree = "<group>"; };
		04A574DC2A6851A90062113F /* giraffe.mp4 */ = {isa = PBXFileReference; lastKnownFileType = file; path = giraffe.mp4; sourceTree = "<group>"; };
		04A574DD2A6851A90062113F /* cheetah.mp4 */ = {isa = PBXFileReference; lastKnownFileType = file; path = cheetah.mp4; sourceTree = "<group>"; };
		04A574DE2A6851A90062113F /* gorilla.mp4 */ = {isa = PBXFileReference; lastKnownFileType = file; path = gorilla.mp4; sourceTree = "<group>"; };
		04A574DF2A6851A90062113F /* zebra.mp4 */ = {isa = PBXFileReference; lastKnownFileType = file; path = zebra.mp4; sourceTree = "<group>"; };
		04A574E02A6851A90062113F /* elephant.mp4 */ = {isa = PBXFileReference; lastKnownFileType = file; path = elephant.mp4; sourceTree = "<group>"; };
		04A574E12A6851A90062113F /* hippo.mp4 */ = {isa = PBXFileReference; lastKnownFileType = file; path = hippo.mp4; sourceTree = "<group>"; };
		04A574E22A6851A90062113F /* lioness.mp4 */ = {isa = PBXFileReference; lastKnownFileType = file; path = lioness.mp4; sourceTree = "<group>"; };
		04A574E32A6851A90062113F /* lion.mp4 */ = {isa = PBXFileReference; lastKnownFileType = file; path = lion.mp4; sourceTree = "<group>"; };
		04A574E42A6851AA0062113F /* ostrich.mp4 */ = {isa = PBXFileReference; lastKnownFileType = file; path = ostrich.mp4; sourceTree = "<group>"; };
		04A574F02A685BFA0062113F /* VideoPlayerHelper.swift */ = {isa = PBXFileReference; lastKnownFileType = sourcecode.swift; path = VideoPlayerHelper.swift; sourceTree = "<group>"; };
		04A574F22A6889C70062113F /* Location.swift */ = {isa = PBXFileReference; lastKnownFileType = sourcecode.swift; path = Location.swift; sourceTree = "<group>"; };
		04A574F42A68AD260062113F /* MapAnnotationView.swift */ = {isa = PBXFileReference; lastKnownFileType = sourcecode.swift; path = MapAnnotationView.swift; sourceTree = "<group>"; };
		04F26D852A951FB700FDADDA /* AnimalItemGridView.swift */ = {isa = PBXFileReference; lastKnownFileType = sourcecode.swift; path = AnimalItemGridView.swift; sourceTree = "<group>"; };
		04F7F2662A60C0F4008C68AB /* CoverImageView.swift */ = {isa = PBXFileReference; lastKnownFileType = sourcecode.swift; path = CoverImageView.swift; sourceTree = "<group>"; };
		04F7F26A2A60C36A008C68AB /* CoverImage.swift */ = {isa = PBXFileReference; lastKnownFileType = sourcecode.swift; path = CoverImage.swift; sourceTree = "<group>"; };
		04F7F26D2A60C4AE008C68AB /* Loader.swift */ = {isa = PBXFileReference; lastKnownFileType = sourcecode.swift; path = Loader.swift; sourceTree = "<group>"; };
		04F7F26F2A60C5F7008C68AB /* AppData.swift */ = {isa = PBXFileReference; lastKnownFileType = sourcecode.swift; path = AppData.swift; sourceTree = "<group>"; };
/* End PBXFileReference section */

/* Begin PBXFrameworksBuildPhase section */
		047430232A5F43A100C30566 /* Frameworks */ = {
			isa = PBXFrameworksBuildPhase;
			buildActionMask = 2147483647;
			files = (
			);
			runOnlyForDeploymentPostprocessing = 0;
		};
/* End PBXFrameworksBuildPhase section */

/* Begin PBXGroup section */
		042FB8172A65B63E0067CD7E /* Extension */ = {
			isa = PBXGroup;
			children = (
			);
			path = Extension;
			sourceTree = "<group>";
		};
		042FB8182A65B72C0067CD7E /* Resources */ = {
			isa = PBXGroup;
			children = (
				042FB8192A65B76B0067CD7E /* animals.json */,
				042FB81B2A65B76B0067CD7E /* covers.json */,
				042FB81A2A65B76B0067CD7E /* locations.json */,
				042FB81C2A65B76B0067CD7E /* videos.json */,
			);
			path = Resources;
			sourceTree = "<group>";
		};
		0474301D2A5F43A100C30566 = {
			isa = PBXGroup;
			children = (
				047430282A5F43A100C30566 /* Wildlife */,
				047430272A5F43A100C30566 /* Products */,
			);
			sourceTree = "<group>";
		};
		047430272A5F43A100C30566 /* Products */ = {
			isa = PBXGroup;
			children = (
				047430262A5F43A100C30566 /* Wildlife.app */,
			);
			name = Products;
			sourceTree = "<group>";
		};
		047430282A5F43A100C30566 /* Wildlife */ = {
			isa = PBXGroup;
			children = (
				04A574EF2A685BC50062113F /* Helper */,
				047430372A5F461E00C30566 /* App */,
				0474302D2A5F43A200C30566 /* Assets.xcassets */,
				0474303B2A5F6DDA00C30566 /* Constants */,
				042FB8172A65B63E0067CD7E /* Extension */,
				0474304A2A5F722700C30566 /* Info.plist */,
				0474303E2A5F6E5E00C30566 /* Model */,
				0474302F2A5F43A200C30566 /* Preview Content */,
				042FB8182A65B72C0067CD7E /* Resources */,
				04F7F26C2A60C3E0008C68AB /* Utilities */,
				04A574DA2A6851860062113F /* Video */,
				047430382A5F47AE00C30566 /* Views */,
			);
			path = Wildlife;
			sourceTree = "<group>";
		};
		0474302F2A5F43A200C30566 /* Preview Content */ = {
			isa = PBXGroup;
			children = (
				047430302A5F43A200C30566 /* Preview Assets.xcassets */,
			);
			path = "Preview Content";
			sourceTree = "<group>";
		};
		047430372A5F461E00C30566 /* App */ = {
			isa = PBXGroup;
			children = (
				047430292A5F43A100C30566 /* WildlifeApp.swift */,
				0474302B2A5F43A100C30566 /* ContentView.swift */,
				0474304B2A5F7CCC00C30566 /* VideoListView.swift */,
				0474304D2A5F7CDD00C30566 /* MapView.swift */,
				0474304F2A5F7CF800C30566 /* GalleryView.swift */,
				047430512A5F7D0700C30566 /* MainView.swift */,
			);
			path = App;
			sourceTree = "<group>";
		};
		047430382A5F47AE00C30566 /* Views */ = {
			isa = PBXGroup;
			children = (
				04F7F2662A60C0F4008C68AB /* CoverImageView.swift */,
				042FB8232A65F4220067CD7E /* AnimalListItem.swift */,
				042FB8272A6604F50067CD7E /* AnimalDetailView.swift */,
				042FB8292A660B220067CD7E /* HeadingView.swift */,
				042FB82D2A660D7A0067CD7E /* InsetGalleryView.swift */,
				045953D62A6733D300838AD5 /* InsetFactView.swift */,
				045953D82A67490300838AD5 /* InsetMapView.swift */,
				045953DA2A6755FD00838AD5 /* ExternalWebLinkView.swift */,
				045953DE2A675F7000838AD5 /* VideoListItemView.swift */,
				045953E02A6764CA00838AD5 /* VideoPlayerView.swift */,
				04A574F42A68AD260062113F /* MapAnnotationView.swift */,
				047804972A6AD006005681FD /* MotionAnimationView.swift */,
				04F26D852A951FB700FDADDA /* AnimalItemGridView.swift */,
			);
			path = Views;
			sourceTree = "<group>";
		};
		0474303B2A5F6DDA00C30566 /* Constants */ = {
			isa = PBXGroup;
			children = (
				04F7F26F2A60C5F7008C68AB /* AppData.swift */,
			);
			path = Constants;
			sourceTree = "<group>";
		};
		0474303E2A5F6E5E00C30566 /* Model */ = {
			isa = PBXGroup;
			children = (
				04F7F26A2A60C36A008C68AB /* CoverImage.swift */,
				042FB8212A65F1030067CD7E /* Animal.swift */,
				045953DC2A675EE400838AD5 /* Video.swift */,
				04A574F22A6889C70062113F /* Location.swift */,
			);
			path = Model;
			sourceTree = "<group>";
		};
		04A574DA2A6851860062113F /* Video */ = {
			isa = PBXGroup;
			children = (
				04A574DD2A6851A90062113F /* cheetah.mp4 */,
				04A574E02A6851A90062113F /* elephant.mp4 */,
				04A574DC2A6851A90062113F /* giraffe.mp4 */,
				04A574DE2A6851A90062113F /* gorilla.mp4 */,
				04A574E12A6851A90062113F /* hippo.mp4 */,
				04A574E32A6851A90062113F /* lion.mp4 */,
				04A574E22A6851A90062113F /* lioness.mp4 */,
				04A574E42A6851AA0062113F /* ostrich.mp4 */,
				04A574DB2A6851A80062113F /* rhino.mp4 */,
				04A574DF2A6851A90062113F /* zebra.mp4 */,
			);
			path = Video;
			sourceTree = "<group>";
		};
		04A574EF2A685BC50062113F /* Helper */ = {
			isa = PBXGroup;
			children = (
				04A574F02A685BFA0062113F /* VideoPlayerHelper.swift */,
			);
			path = Helper;
			sourceTree = "<group>";
		};
		04F7F26C2A60C3E0008C68AB /* Utilities */ = {
			isa = PBXGroup;
			children = (
				04F7F26D2A60C4AE008C68AB /* Loader.swift */,
			);
			path = Utilities;
			sourceTree = "<group>";
		};
/* End PBXGroup section */

/* Begin PBXNativeTarget section */
		047430252A5F43A100C30566 /* Wildlife */ = {
			isa = PBXNativeTarget;
			buildConfigurationList = 047430342A5F43A200C30566 /* Build configuration list for PBXNativeTarget "Wildlife" */;
			buildPhases = (
				047430222A5F43A100C30566 /* Sources */,
				047430232A5F43A100C30566 /* Frameworks */,
				047430242A5F43A100C30566 /* Resources */,
			);
			buildRules = (
			);
			dependencies = (
			);
			name = Wildlife;
			productName = Wildlife;
			productReference = 047430262A5F43A100C30566 /* Wildlife.app */;
			productType = "com.apple.product-type.application";
		};
/* End PBXNativeTarget section */

/* Begin PBXProject section */
		0474301E2A5F43A100C30566 /* Project object */ = {
			isa = PBXProject;
			attributes = {
				BuildIndependentTargetsInParallel = 1;
				LastSwiftUpdateCheck = 1430;
				LastUpgradeCheck = 1430;
				TargetAttributes = {
					047430252A5F43A100C30566 = {
						CreatedOnToolsVersion = 14.3.1;
					};
				};
			};
			buildConfigurationList = 047430212A5F43A100C30566 /* Build configuration list for PBXProject "Wildlife" */;
			compatibilityVersion = "Xcode 14.0";
			developmentRegion = en;
			hasScannedForEncodings = 0;
			knownRegions = (
				en,
				Base,
			);
			mainGroup = 0474301D2A5F43A100C30566;
			productRefGroup = 047430272A5F43A100C30566 /* Products */;
			projectDirPath = "";
			projectRoot = "";
			targets = (
				047430252A5F43A100C30566 /* Wildlife */,
			);
		};
/* End PBXProject section */

/* Begin PBXResourcesBuildPhase section */
		047430242A5F43A100C30566 /* Resources */ = {
			isa = PBXResourcesBuildPhase;
			buildActionMask = 2147483647;
			files = (
				04A574E52A6851AA0062113F /* rhino.mp4 in Resources */,
				04A574EE2A6851AA0062113F /* ostrich.mp4 in Resources */,
				042FB81F2A65B76B0067CD7E /* covers.json in Resources */,
				04A574EC2A6851AA0062113F /* lioness.mp4 in Resources */,
				04A574EB2A6851AA0062113F /* hippo.mp4 in Resources */,
				042FB81D2A65B76B0067CD7E /* animals.json in Resources */,
				047430312A5F43A200C30566 /* Preview Assets.xcassets in Resources */,
				04A574E92A6851AA0062113F /* zebra.mp4 in Resources */,
				04A574EA2A6851AA0062113F /* elephant.mp4 in Resources */,
				042FB81E2A65B76B0067CD7E /* locations.json in Resources */,
				04A574ED2A6851AA0062113F /* lion.mp4 in Resources */,
				0474302E2A5F43A200C30566 /* Assets.xcassets in Resources */,
				04A574E72A6851AA0062113F /* cheetah.mp4 in Resources */,
				042FB8202A65B76B0067CD7E /* videos.json in Resources */,
				04A574E62A6851AA0062113F /* giraffe.mp4 in Resources */,
				04A574E82A6851AA0062113F /* gorilla.mp4 in Resources */,
			);
			runOnlyForDeploymentPostprocessing = 0;
		};
/* End PBXResourcesBuildPhase section */

/* Begin PBXSourcesBuildPhase section */
		047430222A5F43A100C30566 /* Sources */ = {
			isa = PBXSourcesBuildPhase;
			buildActionMask = 2147483647;
			files = (
				045953E12A6764CA00838AD5 /* VideoPlayerView.swift in Sources */,
				045953DF2A675F7000838AD5 /* VideoListItemView.swift in Sources */,
				0474302C2A5F43A100C30566 /* ContentView.swift in Sources */,
				047430522A5F7D0700C30566 /* MainView.swift in Sources */,
				04F26D862A951FB700FDADDA /* AnimalItemGridView.swift in Sources */,
				045953D72A6733D300838AD5 /* InsetFactView.swift in Sources */,
				042FB82E2A660D7A0067CD7E /* InsetGalleryView.swift in Sources */,
				04A574F52A68AD260062113F /* MapAnnotationView.swift in Sources */,
				04F7F2672A60C0F4008C68AB /* CoverImageView.swift in Sources */,
				0474304E2A5F7CDE00C30566 /* MapView.swift in Sources */,
				042FB8242A65F4220067CD7E /* AnimalListItem.swift in Sources */,
				042FB82A2A660B220067CD7E /* HeadingView.swift in Sources */,
				0474302A2A5F43A100C30566 /* WildlifeApp.swift in Sources */,
				042FB8222A65F1030067CD7E /* Animal.swift in Sources */,
				045953DB2A6755FD00838AD5 /* ExternalWebLinkView.swift in Sources */,
				045953DD2A675EE400838AD5 /* Video.swift in Sources */,
				04A574F32A6889C70062113F /* Location.swift in Sources */,
				042FB8282A6604F50067CD7E /* AnimalDetailView.swift in Sources */,
				04F7F26B2A60C36A008C68AB /* CoverImage.swift in Sources */,
				0474304C2A5F7CCC00C30566 /* VideoListView.swift in Sources */,
				047430502A5F7CF900C30566 /* GalleryView.swift in Sources */,
				045953D92A67490300838AD5 /* InsetMapView.swift in Sources */,
				04F7F26E2A60C4AE008C68AB /* Loader.swift in Sources */,
				04A574F12A685BFA0062113F /* VideoPlayerHelper.swift in Sources */,
				04F7F2702A60C5F7008C68AB /* AppData.swift in Sources */,
				047804982A6AD006005681FD /* MotionAnimationView.swift in Sources */,
			);
			runOnlyForDeploymentPostprocessing = 0;
		};
/* End PBXSourcesBuildPhase section */

/* Begin XCBuildConfiguration section */
		047430322A5F43A200C30566 /* Debug */ = {
			isa = XCBuildConfiguration;
			buildSettings = {
				ALWAYS_SEARCH_USER_PATHS = NO;
				CLANG_ANALYZER_NONNULL = YES;
				CLANG_ANALYZER_NUMBER_OBJECT_CONVERSION = YES_AGGRESSIVE;
				CLANG_CXX_LANGUAGE_STANDARD = "gnu++20";
				CLANG_ENABLE_MODULES = YES;
				CLANG_ENABLE_OBJC_ARC = YES;
				CLANG_ENABLE_OBJC_WEAK = YES;
				CLANG_WARN_BLOCK_CAPTURE_AUTORELEASING = YES;
				CLANG_WARN_BOOL_CONVERSION = YES;
				CLANG_WARN_COMMA = YES;
				CLANG_WARN_CONSTANT_CONVERSION = YES;
				CLANG_WARN_DEPRECATED_OBJC_IMPLEMENTATIONS = YES;
				CLANG_WARN_DIRECT_OBJC_ISA_USAGE = YES_ERROR;
				CLANG_WARN_DOCUMENTATION_COMMENTS = YES;
				CLANG_WARN_EMPTY_BODY = YES;
				CLANG_WARN_ENUM_CONVERSION = YES;
				CLANG_WARN_INFINITE_RECURSION = YES;
				CLANG_WARN_INT_CONVERSION = YES;
				CLANG_WARN_NON_LITERAL_NULL_CONVERSION = YES;
				CLANG_WARN_OBJC_IMPLICIT_RETAIN_SELF = YES;
				CLANG_WARN_OBJC_LITERAL_CONVERSION = YES;
				CLANG_WARN_OBJC_ROOT_CLASS = YES_ERROR;
				CLANG_WARN_QUOTED_INCLUDE_IN_FRAMEWORK_HEADER = YES;
				CLANG_WARN_RANGE_LOOP_ANALYSIS = YES;
				CLANG_WARN_STRICT_PROTOTYPES = YES;
				CLANG_WARN_SUSPICIOUS_MOVE = YES;
				CLANG_WARN_UNGUARDED_AVAILABILITY = YES_AGGRESSIVE;
				CLANG_WARN_UNREACHABLE_CODE = YES;
				CLANG_WARN__DUPLICATE_METHOD_MATCH = YES;
				COPY_PHASE_STRIP = NO;
				DEBUG_INFORMATION_FORMAT = dwarf;
				ENABLE_STRICT_OBJC_MSGSEND = YES;
				ENABLE_TESTABILITY = YES;
				GCC_C_LANGUAGE_STANDARD = gnu11;
				GCC_DYNAMIC_NO_PIC = NO;
				GCC_NO_COMMON_BLOCKS = YES;
				GCC_OPTIMIZATION_LEVEL = 0;
				GCC_PREPROCESSOR_DEFINITIONS = (
					"DEBUG=1",
					"$(inherited)",
				);
				GCC_WARN_64_TO_32_BIT_CONVERSION = YES;
				GCC_WARN_ABOUT_RETURN_TYPE = YES_ERROR;
				GCC_WARN_UNDECLARED_SELECTOR = YES;
				GCC_WARN_UNINITIALIZED_AUTOS = YES_AGGRESSIVE;
				GCC_WARN_UNUSED_FUNCTION = YES;
				GCC_WARN_UNUSED_VARIABLE = YES;
				IPHONEOS_DEPLOYMENT_TARGET = 16.4;
				MTL_ENABLE_DEBUG_INFO = INCLUDE_SOURCE;
				MTL_FAST_MATH = YES;
				ONLY_ACTIVE_ARCH = YES;
				SDKROOT = iphoneos;
				SWIFT_ACTIVE_COMPILATION_CONDITIONS = DEBUG;
				SWIFT_OPTIMIZATION_LEVEL = "-Onone";
			};
			name = Debug;
		};
		047430332A5F43A200C30566 /* Release */ = {
			isa = XCBuildConfiguration;
			buildSettings = {
				ALWAYS_SEARCH_USER_PATHS = NO;
				CLANG_ANALYZER_NONNULL = YES;
				CLANG_ANALYZER_NUMBER_OBJECT_CONVERSION = YES_AGGRESSIVE;
				CLANG_CXX_LANGUAGE_STANDARD = "gnu++20";
				CLANG_ENABLE_MODULES = YES;
				CLANG_ENABLE_OBJC_ARC = YES;
				CLANG_ENABLE_OBJC_WEAK = YES;
				CLANG_WARN_BLOCK_CAPTURE_AUTORELEASING = YES;
				CLANG_WARN_BOOL_CONVERSION = YES;
				CLANG_WARN_COMMA = YES;
				CLANG_WARN_CONSTANT_CONVERSION = YES;
				CLANG_WARN_DEPRECATED_OBJC_IMPLEMENTATIONS = YES;
				CLANG_WARN_DIRECT_OBJC_ISA_USAGE = YES_ERROR;
				CLANG_WARN_DOCUMENTATION_COMMENTS = YES;
				CLANG_WARN_EMPTY_BODY = YES;
				CLANG_WARN_ENUM_CONVERSION = YES;
				CLANG_WARN_INFINITE_RECURSION = YES;
				CLANG_WARN_INT_CONVERSION = YES;
				CLANG_WARN_NON_LITERAL_NULL_CONVERSION = YES;
				CLANG_WARN_OBJC_IMPLICIT_RETAIN_SELF = YES;
				CLANG_WARN_OBJC_LITERAL_CONVERSION = YES;
				CLANG_WARN_OBJC_ROOT_CLASS = YES_ERROR;
				CLANG_WARN_QUOTED_INCLUDE_IN_FRAMEWORK_HEADER = YES;
				CLANG_WARN_RANGE_LOOP_ANALYSIS = YES;
				CLANG_WARN_STRICT_PROTOTYPES = YES;
				CLANG_WARN_SUSPICIOUS_MOVE = YES;
				CLANG_WARN_UNGUARDED_AVAILABILITY = YES_AGGRESSIVE;
				CLANG_WARN_UNREACHABLE_CODE = YES;
				CLANG_WARN__DUPLICATE_METHOD_MATCH = YES;
				COPY_PHASE_STRIP = NO;
				DEBUG_INFORMATION_FORMAT = "dwarf-with-dsym";
				ENABLE_NS_ASSERTIONS = NO;
				ENABLE_STRICT_OBJC_MSGSEND = YES;
				GCC_C_LANGUAGE_STANDARD = gnu11;
				GCC_NO_COMMON_BLOCKS = YES;
				GCC_WARN_64_TO_32_BIT_CONVERSION = YES;
				GCC_WARN_ABOUT_RETURN_TYPE = YES_ERROR;
				GCC_WARN_UNDECLARED_SELECTOR = YES;
				GCC_WARN_UNINITIALIZED_AUTOS = YES_AGGRESSIVE;
				GCC_WARN_UNUSED_FUNCTION = YES;
				GCC_WARN_UNUSED_VARIABLE = YES;
				IPHONEOS_DEPLOYMENT_TARGET = 16.4;
				MTL_ENABLE_DEBUG_INFO = NO;
				MTL_FAST_MATH = YES;
				SDKROOT = iphoneos;
				SWIFT_COMPILATION_MODE = wholemodule;
				SWIFT_OPTIMIZATION_LEVEL = "-O";
				VALIDATE_PRODUCT = YES;
			};
			name = Release;
		};
		047430352A5F43A200C30566 /* Debug */ = {
			isa = XCBuildConfiguration;
			buildSettings = {
				ASSETCATALOG_COMPILER_APPICON_NAME = AppIcon;
				ASSETCATALOG_COMPILER_GLOBAL_ACCENT_COLOR_NAME = AccentColor;
				CODE_SIGN_STYLE = Automatic;
				CURRENT_PROJECT_VERSION = 1;
				DEVELOPMENT_ASSET_PATHS = "\"Wildlife/Preview Content\"";
				DEVELOPMENT_TEAM = WZSGT99L6W;
				ENABLE_PREVIEWS = YES;
				GENERATE_INFOPLIST_FILE = YES;
				INFOPLIST_FILE = Wildlife/Info.plist;
				INFOPLIST_KEY_UIApplicationSceneManifest_Generation = YES;
				INFOPLIST_KEY_UIApplicationSupportsIndirectInputEvents = YES;
				INFOPLIST_KEY_UISupportedInterfaceOrientations_iPad = "UIInterfaceOrientationPortrait UIInterfaceOrientationPortraitUpsideDown UIInterfaceOrientationLandscapeLeft UIInterfaceOrientationLandscapeRight";
				INFOPLIST_KEY_UISupportedInterfaceOrientations_iPhone = "UIInterfaceOrientationPortrait UIInterfaceOrientationLandscapeLeft UIInterfaceOrientationLandscapeRight";
				INFOPLIST_KEY_UIUserInterfaceStyle = Dark;
				LD_RUNPATH_SEARCH_PATHS = (
					"$(inherited)",
					"@executable_path/Frameworks",
				);
				MARKETING_VERSION = 1.0;
				PRODUCT_BUNDLE_IDENTIFIER = com.jkd.Wildlife;
				PRODUCT_NAME = "$(TARGET_NAME)";
				SWIFT_EMIT_LOC_STRINGS = YES;
				SWIFT_VERSION = 5.0;
				TARGETED_DEVICE_FAMILY = "1,2";
			};
			name = Debug;
		};
		047430362A5F43A200C30566 /* Release */ = {
			isa = XCBuildConfiguration;
			buildSettings = {
				ASSETCATALOG_COMPILER_APPICON_NAME = AppIcon;
				ASSETCATALOG_COMPILER_GLOBAL_ACCENT_COLOR_NAME = AccentColor;
				CODE_SIGN_STYLE = Automatic;
				CURRENT_PROJECT_VERSION = 1;
				DEVELOPMENT_ASSET_PATHS = "\"Wildlife/Preview Content\"";
				DEVELOPMENT_TEAM = WZSGT99L6W;
				ENABLE_PREVIEWS = YES;
				GENERATE_INFOPLIST_FILE = YES;
				INFOPLIST_FILE = Wildlife/Info.plist;
				INFOPLIST_KEY_UIApplicationSceneManifest_Generation = YES;
				INFOPLIST_KEY_UIApplicationSupportsIndirectInputEvents = YES;
				INFOPLIST_KEY_UISupportedInterfaceOrientations_iPad = "UIInterfaceOrientationPortrait UIInterfaceOrientationPortraitUpsideDown UIInterfaceOrientationLandscapeLeft UIInterfaceOrientationLandscapeRight";
				INFOPLIST_KEY_UISupportedInterfaceOrientations_iPhone = "UIInterfaceOrientationPortrait UIInterfaceOrientationLandscapeLeft UIInterfaceOrientationLandscapeRight";
				INFOPLIST_KEY_UIUserInterfaceStyle = Dark;
				LD_RUNPATH_SEARCH_PATHS = (
					"$(inherited)",
					"@executable_path/Frameworks",
				);
				MARKETING_VERSION = 1.0;
				PRODUCT_BUNDLE_IDENTIFIER = com.jkd.Wildlife;
				PRODUCT_NAME = "$(TARGET_NAME)";
				SWIFT_EMIT_LOC_STRINGS = YES;
				SWIFT_VERSION = 5.0;
				TARGETED_DEVICE_FAMILY = "1,2";
			};
			name = Release;
		};
/* End XCBuildConfiguration section */

/* Begin XCConfigurationList section */
		047430212A5F43A100C30566 /* Build configuration list for PBXProject "Wildlife" */ = {
			isa = XCConfigurationList;
			buildConfigurations = (
				047430322A5F43A200C30566 /* Debug */,
				047430332A5F43A200C30566 /* Release */,
			);
			defaultConfigurationIsVisible = 0;
			defaultConfigurationName = Release;
		};
		047430342A5F43A200C30566 /* Build configuration list for PBXNativeTarget "Wildlife" */ = {
			isa = XCConfigurationList;
			buildConfigurations = (
				047430352A5F43A200C30566 /* Debug */,
				047430362A5F43A200C30566 /* Release */,
			);
			defaultConfigurationIsVisible = 0;
			defaultConfigurationName = Release;
		};
/* End XCConfigurationList section */
	};
	rootObject = 0474301E2A5F43A100C30566 /* Project object */;
}
